// !$*UTF8*$!
{
	archiveVersion = 1;
	classes = {
	};
	objectVersion = 56;
	objects = {

/* Begin PBXBuildFile section */
		A00000000000000000000001 /* AirGuardApp.swift in Sources */ = {isa = PBXBuildFile; fileRef = A00000000000000000000101 /* AirGuardApp.swift */; };
		A00000000000000000000002 /* MenuBarPanelView.swift in Sources */ = {isa = PBXBuildFile; fileRef = A00000000000000000000102 /* MenuBarPanelView.swift */; };
		A00000000000000000000003 /* MetricCardView.swift in Sources */ = {isa = PBXBuildFile; fileRef = A00000000000000000000103 /* MetricCardView.swift */; };
		A00000000000000000000004 /* SettingsView.swift in Sources */ = {isa = PBXBuildFile; fileRef = A00000000000000000000104 /* SettingsView.swift */; };
		A00000000000000000000005 /* AboutView.swift in Sources */ = {isa = PBXBuildFile; fileRef = A00000000000000000000105 /* AboutView.swift */; };
		A00000000000000000000006 /* MonitorStore.swift in Sources */ = {isa = PBXBuildFile; fileRef = A00000000000000000000106 /* MonitorStore.swift */; };
		A00000000000000000000007 /* AlertManager.swift in Sources */ = {isa = PBXBuildFile; fileRef = A00000000000000000000107 /* AlertManager.swift */; };
		A00000000000000000000008 /* AppSettings.swift in Sources */ = {isa = PBXBuildFile; fileRef = A00000000000000000000108 /* AppSettings.swift */; };
		A00000000000000000000009 /* LaunchAtLoginManager.swift in Sources */ = {isa = PBXBuildFile; fileRef = A00000000000000000000109 /* LaunchAtLoginManager.swift */; };
		A0000000000000000000000A /* ThermalReader.swift in Sources */ = {isa = PBXBuildFile; fileRef = A0000000000000000000010A /* ThermalReader.swift */; };
		A0000000000000000000000B /* CPUReader.swift in Sources */ = {isa = PBXBuildFile; fileRef = A0000000000000000000010B /* CPUReader.swift */; };
		A0000000000000000000000C /* MemoryReader.swift in Sources */ = {isa = PBXBuildFile; fileRef = A0000000000000000000010C /* MemoryReader.swift */; };
		A0000000000000000000000D /* NetworkReader.swift in Sources */ = {isa = PBXBuildFile; fileRef = A0000000000000000000010D /* NetworkReader.swift */; };
		A0000000000000000000000E /* SystemSnapshot.swift in Sources */ = {isa = PBXBuildFile; fileRef = A0000000000000000000010E /* SystemSnapshot.swift */; };
		A0000000000000000000000F /* ThermalLevel.swift in Sources */ = {isa = PBXBuildFile; fileRef = A0000000000000000000010F /* ThermalLevel.swift */; };
		A00000000000000000000010 /* MemoryInfo.swift in Sources */ = {isa = PBXBuildFile; fileRef = A00000000000000000000110 /* MemoryInfo.swift */; };
		A00000000000000000000011 /* NetworkSpeed.swift in Sources */ = {isa = PBXBuildFile; fileRef = A00000000000000000000111 /* NetworkSpeed.swift */; };
		A00000000000000000000012 /* ByteFormatter.swift in Sources */ = {isa = PBXBuildFile; fileRef = A00000000000000000000112 /* ByteFormatter.swift */; };
		A00000000000000000000013 /* DateFormatterUtil.swift in Sources */ = {isa = PBXBuildFile; fileRef = A00000000000000000000113 /* DateFormatterUtil.swift */; };
		A00000000000000000000014 /* HIDTemperatureReader.m in Sources */ = {isa = PBXBuildFile; fileRef = A00000000000000000000115 /* HIDTemperatureReader.m */; };
		A00000000000000000000015 /* logo.png in Resources */ = {isa = PBXBuildFile; fileRef = A00000000000000000000118 /* logo.png */; };
		A00000000000000000000016 /* Assets.xcassets in Resources */ = {isa = PBXBuildFile; fileRef = A00000000000000000000119 /* Assets.xcassets */; };
		A00000000000000000000017 /* AgentEvent.swift in Sources */ = {isa = PBXBuildFile; fileRef = A0000000000000000000011E /* AgentEvent.swift */; };
		A00000000000000000000018 /* AgentEventServer.swift in Sources */ = {isa = PBXBuildFile; fileRef = A0000000000000000000011F /* AgentEventServer.swift */; };
		A00000000000000000000019 /* AgentHookManager.swift in Sources */ = {isa = PBXBuildFile; fileRef = A00000000000000000000120 /* AgentHookManager.swift */; };
		A0000000000000000000001A /* AgentMonitorStore.swift in Sources */ = {isa = PBXBuildFile; fileRef = A00000000000000000000121 /* AgentMonitorStore.swift */; };
		A0000000000000000000001B /* NotchWindowController.swift in Sources */ = {isa = PBXBuildFile; fileRef = A00000000000000000000122 /* NotchWindowController.swift */; };
		A0000000000000000000001C /* NotchStatusView.swift in Sources */ = {isa = PBXBuildFile; fileRef = A00000000000000000000123 /* NotchStatusView.swift */; };
		A0000000000000000000001D /* ASMediaRemoteBridge.m in Sources */ = {isa = PBXBuildFile; fileRef = A00000000000000000000124 /* ASMediaRemoteBridge.m */; };
		A0000000000000000000001E /* NowPlayingTrack.swift in Sources */ = {isa = PBXBuildFile; fileRef = A00000000000000000000126 /* NowPlayingTrack.swift */; };
		A0000000000000000000001F /* NowPlayingStore.swift in Sources */ = {isa = PBXBuildFile; fileRef = A00000000000000000000127 /* NowPlayingStore.swift */; };
		A00000000000000000000020 /* MediaRemoteAdapterClient.swift in Sources */ = {isa = PBXBuildFile; fileRef = A00000000000000000000128 /* MediaRemoteAdapterClient.swift */; };
		A00000000000000000000021 /* MediaRemoteAdapter.framework in Embed Frameworks */ = {isa = PBXBuildFile; fileRef = A00000000000000000000129 /* MediaRemoteAdapter.framework */; settings = {ATTRIBUTES = (CodeSignOnCopy, RemoveHeadersOnCopy, ); }; };
		A00000000000000000000022 /* StorageInfo.swift in Sources */ = {isa = PBXBuildFile; fileRef = A0000000000000000000012A /* StorageInfo.swift */; };
		A00000000000000000000023 /* StorageReader.swift in Sources */ = {isa = PBXBuildFile; fileRef = A0000000000000000000012B /* StorageReader.swift */; };
		A00000000000000000000024 /* StorageAnalyzerStore.swift in Sources */ = {isa = PBXBuildFile; fileRef = A0000000000000000000012C /* StorageAnalyzerStore.swift */; };
		A00000000000000000000025 /* ToolboxView.swift in Sources */ = {isa = PBXBuildFile; fileRef = A0000000000000000000012D /* ToolboxView.swift */; };
		A00000000000000000000026 /* InputMethodShortcut.swift in Sources */ = {isa = PBXBuildFile; fileRef = A0000000000000000000012E /* InputMethodShortcut.swift */; };
		A00000000000000000000027 /* InputMethodSwitcher.swift in Sources */ = {isa = PBXBuildFile; fileRef = A0000000000000000000012F /* InputMethodSwitcher.swift */; };
		A00000000000000000000028 /* InputMethodShortcutManager.swift in Sources */ = {isa = PBXBuildFile; fileRef = A00000000000000000000130 /* InputMethodShortcutManager.swift */; };
/* End PBXBuildFile section */

/* Begin PBXFileReference section */
		A00000000000000000000100 /* AirSentry.app */ = {isa = PBXFileReference; explicitFileType = wrapper.application; includeInIndex = 0; path = AirSentry.app; sourceTree = BUILT_PRODUCTS_DIR; };
		A00000000000000000000101 /* AirGuardApp.swift */ = {isa = PBXFileReference; lastKnownFileType = sourcecode.swift; path = AirGuardApp.swift; sourceTree = "<group>"; };
		A00000000000000000000102 /* MenuBarPanelView.swift */ = {isa = PBXFileReference; lastKnownFileType = sourcecode.swift; path = MenuBarPanelView.swift; sourceTree = "<group>"; };
		A00000000000000000000103 /* MetricCardView.swift */ = {isa = PBXFileReference; lastKnownFileType = sourcecode.swift; path = MetricCardView.swift; sourceTree = "<group>"; };
		A00000000000000000000104 /* SettingsView.swift */ = {isa = PBXFileReference; lastKnownFileType = sourcecode.swift; path = SettingsView.swift; sourceTree = "<group>"; };
		A00000000000000000000105 /* AboutView.swift */ = {isa = PBXFileReference; lastKnownFileType = sourcecode.swift; path = AboutView.swift; sourceTree = "<group>"; };
		A00000000000000000000106 /* MonitorStore.swift */ = {isa = PBXFileReference; lastKnownFileType = sourcecode.swift; path = MonitorStore.swift; sourceTree = "<group>"; };
		A00000000000000000000107 /* AlertManager.swift */ = {isa = PBXFileReference; lastKnownFileType = sourcecode.swift; path = AlertManager.swift; sourceTree = "<group>"; };
		A00000000000000000000108 /* AppSettings.swift */ = {isa = PBXFileReference; lastKnownFileType = sourcecode.swift; path = AppSettings.swift; sourceTree = "<group>"; };
		A00000000000000000000109 /* LaunchAtLoginManager.swift */ = {isa = PBXFileReference; lastKnownFileType = sourcecode.swift; path = LaunchAtLoginManager.swift; sourceTree = "<group>"; };
		A0000000000000000000010A /* ThermalReader.swift */ = {isa = PBXFileReference; lastKnownFileType = sourcecode.swift; path = ThermalReader.swift; sourceTree = "<group>"; };
		A0000000000000000000010B /* CPUReader.swift */ = {isa = PBXFileReference; lastKnownFileType = sourcecode.swift; path = CPUReader.swift; sourceTree = "<group>"; };
		A0000000000000000000010C /* MemoryReader.swift */ = {isa = PBXFileReference; lastKnownFileType = sourcecode.swift; path = MemoryReader.swift; sourceTree = "<group>"; };
		A0000000000000000000010D /* NetworkReader.swift */ = {isa = PBXFileReference; lastKnownFileType = sourcecode.swift; path = NetworkReader.swift; sourceTree = "<group>"; };
		A0000000000000000000010E /* SystemSnapshot.swift */ = {isa = PBXFileReference; lastKnownFileType = sourcecode.swift; path = SystemSnapshot.swift; sourceTree = "<group>"; };
		A0000000000000000000010F /* ThermalLevel.swift */ = {isa = PBXFileReference; lastKnownFileType = sourcecode.swift; path = ThermalLevel.swift; sourceTree = "<group>"; };
		A00000000000000000000110 /* MemoryInfo.swift */ = {isa = PBXFileReference; lastKnownFileType = sourcecode.swift; path = MemoryInfo.swift; sourceTree = "<group>"; };
		A00000000000000000000111 /* NetworkSpeed.swift */ = {isa = PBXFileReference; lastKnownFileType = sourcecode.swift; path = NetworkSpeed.swift; sourceTree = "<group>"; };
		A00000000000000000000112 /* ByteFormatter.swift */ = {isa = PBXFileReference; lastKnownFileType = sourcecode.swift; path = ByteFormatter.swift; sourceTree = "<group>"; };
		A00000000000000000000113 /* DateFormatterUtil.swift */ = {isa = PBXFileReference; lastKnownFileType = sourcecode.swift; path = DateFormatterUtil.swift; sourceTree = "<group>"; };
		A00000000000000000000114 /* Info.plist */ = {isa = PBXFileReference; lastKnownFileType = text.plist.xml; path = Info.plist; sourceTree = "<group>"; };
		A00000000000000000000115 /* HIDTemperatureReader.m */ = {isa = PBXFileReference; lastKnownFileType = sourcecode.c.objc; path = HIDTemperatureReader.m; sourceTree = "<group>"; };
		A00000000000000000000116 /* HIDTemperatureReader.h */ = {isa = PBXFileReference; lastKnownFileType = sourcecode.c.h; path = HIDTemperatureReader.h; sourceTree = "<group>"; };
		A00000000000000000000117 /* AirGuard-Bridging-Header.h */ = {isa = PBXFileReference; lastKnownFileType = sourcecode.c.h; path = "AirGuard-Bridging-Header.h"; sourceTree = "<group>"; };
		A00000000000000000000118 /* logo.png */ = {isa = PBXFileReference; lastKnownFileType = image.png; path = logo.png; sourceTree = "<group>"; };
		A00000000000000000000119 /* Assets.xcassets */ = {isa = PBXFileReference; lastKnownFileType = folder.assetcatalog; path = Assets.xcassets; sourceTree = "<group>"; };
		A0000000000000000000011A /* AppStore.entitlements */ = {isa = PBXFileReference; lastKnownFileType = text.plist.entitlements; path = AppStore.entitlements; sourceTree = "<group>"; };
		A0000000000000000000011B /* build-release.sh */ = {isa = PBXFileReference; lastKnownFileType = text.script.sh; path = "build-release.sh"; sourceTree = "<group>"; };
		A0000000000000000000011C /* archive-app-store.sh */ = {isa = PBXFileReference; lastKnownFileType = text.script.sh; path = "archive-app-store.sh"; sourceTree = "<group>"; };
		A0000000000000000000011D /* AppStoreExportOptions.plist */ = {isa = PBXFileReference; lastKnownFileType = text.plist.xml; path = AppStoreExportOptions.plist; sourceTree = "<group>"; };
		A0000000000000000000011E /* AgentEvent.swift */ = {isa = PBXFileReference; lastKnownFileType = sourcecode.swift; path = AgentEvent.swift; sourceTree = "<group>"; };
		A0000000000000000000011F /* AgentEventServer.swift */ = {isa = PBXFileReference; lastKnownFileType = sourcecode.swift; path = AgentEventServer.swift; sourceTree = "<group>"; };
		A00000000000000000000120 /* AgentHookManager.swift */ = {isa = PBXFileReference; lastKnownFileType = sourcecode.swift; path = AgentHookManager.swift; sourceTree = "<group>"; };
		A00000000000000000000121 /* AgentMonitorStore.swift */ = {isa = PBXFileReference; lastKnownFileType = sourcecode.swift; path = AgentMonitorStore.swift; sourceTree = "<group>"; };
		A00000000000000000000122 /* NotchWindowController.swift */ = {isa = PBXFileReference; lastKnownFileType = sourcecode.swift; path = NotchWindowController.swift; sourceTree = "<group>"; };
		A00000000000000000000123 /* NotchStatusView.swift */ = {isa = PBXFileReference; lastKnownFileType = sourcecode.swift; path = NotchStatusView.swift; sourceTree = "<group>"; };
		A00000000000000000000124 /* ASMediaRemoteBridge.m */ = {isa = PBXFileReference; lastKnownFileType = sourcecode.c.objc; path = ASMediaRemoteBridge.m; sourceTree = "<group>"; };
		A00000000000000000000125 /* ASMediaRemoteBridge.h */ = {isa = PBXFileReference; lastKnownFileType = sourcecode.c.h; path = ASMediaRemoteBridge.h; sourceTree = "<group>"; };
		A00000000000000000000126 /* NowPlayingTrack.swift */ = {isa = PBXFileReference; lastKnownFileType = sourcecode.swift; path = NowPlayingTrack.swift; sourceTree = "<group>"; };
		A00000000000000000000127 /* NowPlayingStore.swift */ = {isa = PBXFileReference; lastKnownFileType = sourcecode.swift; path = NowPlayingStore.swift; sourceTree = "<group>"; };
		A00000000000000000000128 /* MediaRemoteAdapterClient.swift */ = {isa = PBXFileReference; lastKnownFileType = sourcecode.swift; path = MediaRemoteAdapterClient.swift; sourceTree = "<group>"; };
		A00000000000000000000129 /* MediaRemoteAdapter.framework */ = {isa = PBXFileReference; lastKnownFileType = wrapper.framework; path = MediaRemoteAdapter.framework; sourceTree = "<group>"; };
		A0000000000000000000012A /* StorageInfo.swift */ = {isa = PBXFileReference; lastKnownFileType = sourcecode.swift; path = StorageInfo.swift; sourceTree = "<group>"; };
		A0000000000000000000012B /* StorageReader.swift */ = {isa = PBXFileReference; lastKnownFileType = sourcecode.swift; path = StorageReader.swift; sourceTree = "<group>"; };
		A0000000000000000000012C /* StorageAnalyzerStore.swift */ = {isa = PBXFileReference; lastKnownFileType = sourcecode.swift; path = StorageAnalyzerStore.swift; sourceTree = "<group>"; };
		A0000000000000000000012D /* ToolboxView.swift */ = {isa = PBXFileReference; lastKnownFileType = sourcecode.swift; path = ToolboxView.swift; sourceTree = "<group>"; };
		A0000000000000000000012E /* InputMethodShortcut.swift */ = {isa = PBXFileReference; lastKnownFileType = sourcecode.swift; path = InputMethodShortcut.swift; sourceTree = "<group>"; };
		A0000000000000000000012F /* InputMethodSwitcher.swift */ = {isa = PBXFileReference; lastKnownFileType = sourcecode.swift; path = InputMethodSwitcher.swift; sourceTree = "<group>"; };
		A00000000000000000000130 /* InputMethodShortcutManager.swift */ = {isa = PBXFileReference; lastKnownFileType = sourcecode.swift; path = InputMethodShortcutManager.swift; sourceTree = "<group>"; };
/* End PBXFileReference section */

/* Begin PBXCopyFilesBuildPhase section */
		A00000000000000000000502 /* Embed Media Adapter */ = {
			isa = PBXCopyFilesBuildPhase;
			buildActionMask = 2147483647;
			dstPath = "";
			dstSubfolderSpec = 10;
			files = (
				A00000000000000000000021 /* MediaRemoteAdapter.framework in Embed Frameworks */,
			);
			name = "Embed Media Adapter";
			runOnlyForDeploymentPostprocessing = 0;
		};
/* End PBXCopyFilesBuildPhase section */

/* Begin PBXFrameworksBuildPhase section */
		A00000000000000000000200 /* Frameworks */ = {
			isa = PBXFrameworksBuildPhase;
			buildActionMask = 2147483647;
			files = (
			);
			runOnlyForDeploymentPostprocessing = 0;
		};
/* End PBXFrameworksBuildPhase section */

/* Begin PBXGroup section */
		A00000000000000000000300 = {
			isa = PBXGroup;
			children = (
				A00000000000000000000301 /* AirGuard */,
				A00000000000000000000315 /* media */,
				A00000000000000000000316 /* scripts */,
				A00000000000000000000317 /* config */,
				A00000000000000000000318 /* Vendor */,
				A00000000000000000000302 /* Products */,
			);
			sourceTree = "<group>";
		};
		A00000000000000000000301 /* AirGuard */ = {
			isa = PBXGroup;
			children = (
				A00000000000000000000101 /* AirGuardApp.swift */,
				A00000000000000000000114 /* Info.plist */,
				A00000000000000000000117 /* AirGuard-Bridging-Header.h */,
				A00000000000000000000119 /* Assets.xcassets */,
				A0000000000000000000011A /* AppStore.entitlements */,
				A00000000000000000000310 /* Views */,
				A00000000000000000000311 /* Core */,
				A00000000000000000000312 /* Readers */,
				A00000000000000000000313 /* Models */,
				A00000000000000000000314 /* Utils */,
			);
			path = AirGuard;
			sourceTree = "<group>";
		};
		A00000000000000000000302 /* Products */ = {
			isa = PBXGroup;
			children = (
				A00000000000000000000100 /* AirSentry.app */,
			);
			name = Products;
			sourceTree = "<group>";
		};
		A00000000000000000000310 /* Views */ = {
			isa = PBXGroup;
			children = (
				A00000000000000000000102 /* MenuBarPanelView.swift */,
				A00000000000000000000103 /* MetricCardView.swift */,
				A00000000000000000000104 /* SettingsView.swift */,
				A00000000000000000000105 /* AboutView.swift */,
				A00000000000000000000123 /* NotchStatusView.swift */,
				A0000000000000000000012D /* ToolboxView.swift */,
			);
			path = Views;
			sourceTree = "<group>";
		};
		A00000000000000000000311 /* Core */ = {
			isa = PBXGroup;
			children = (
				A00000000000000000000106 /* MonitorStore.swift */,
				A00000000000000000000107 /* AlertManager.swift */,
				A00000000000000000000108 /* AppSettings.swift */,
				A00000000000000000000109 /* LaunchAtLoginManager.swift */,
				A0000000000000000000011F /* AgentEventServer.swift */,
				A00000000000000000000120 /* AgentHookManager.swift */,
				A00000000000000000000121 /* AgentMonitorStore.swift */,
				A00000000000000000000122 /* NotchWindowController.swift */,
				A00000000000000000000127 /* NowPlayingStore.swift */,
				A00000000000000000000128 /* MediaRemoteAdapterClient.swift */,
				A0000000000000000000012C /* StorageAnalyzerStore.swift */,
				A0000000000000000000012E /* InputMethodShortcut.swift */,
				A0000000000000000000012F /* InputMethodSwitcher.swift */,
				A00000000000000000000130 /* InputMethodShortcutManager.swift */,
			);
			path = Core;
			sourceTree = "<group>";
		};
		A00000000000000000000312 /* Readers */ = {
			isa = PBXGroup;
			children = (
				A0000000000000000000010A /* ThermalReader.swift */,
				A0000000000000000000010B /* CPUReader.swift */,
				A0000000000000000000010C /* MemoryReader.swift */,
				A0000000000000000000010D /* NetworkReader.swift */,
				A0000000000000000000012B /* StorageReader.swift */,
				A00000000000000000000115 /* HIDTemperatureReader.m */,
				A00000000000000000000116 /* HIDTemperatureReader.h */,
				A00000000000000000000124 /* ASMediaRemoteBridge.m */,
				A00000000000000000000125 /* ASMediaRemoteBridge.h */,
			);
			path = Readers;
			sourceTree = "<group>";
		};
		A00000000000000000000313 /* Models */ = {
			isa = PBXGroup;
			children = (
				A0000000000000000000010E /* SystemSnapshot.swift */,
				A0000000000000000000010F /* ThermalLevel.swift */,
				A00000000000000000000110 /* MemoryInfo.swift */,
				A00000000000000000000111 /* NetworkSpeed.swift */,
				A0000000000000000000011E /* AgentEvent.swift */,
				A00000000000000000000126 /* NowPlayingTrack.swift */,
				A0000000000000000000012A /* StorageInfo.swift */,
			);
			path = Models;
			sourceTree = "<group>";
		};
		A00000000000000000000314 /* Utils */ = {
			isa = PBXGroup;
			children = (
				A00000000000000000000112 /* ByteFormatter.swift */,
				A00000000000000000000113 /* DateFormatterUtil.swift */,
			);
			path = Utils;
			sourceTree = "<group>";
		};
		A00000000000000000000315 /* media */ = {
			isa = PBXGroup;
			children = (
				A00000000000000000000118 /* logo.png */,
			);
			path = media;
			sourceTree = "<group>";
		};
		A00000000000000000000316 /* scripts */ = {
			isa = PBXGroup;
			children = (
				A0000000000000000000011C /* archive-app-store.sh */,
				A0000000000000000000011B /* build-release.sh */,
			);
			path = scripts;
			sourceTree = "<group>";
		};
		A00000000000000000000317 /* config */ = {
			isa = PBXGroup;
			children = (
				A0000000000000000000011D /* AppStoreExportOptions.plist */,
			);
			path = config;
			sourceTree = "<group>";
		};
		A00000000000000000000318 /* Vendor */ = {
			isa = PBXGroup;
			children = (
				A00000000000000000000129 /* MediaRemoteAdapter.framework */,
			);
			path = Vendor;
			sourceTree = "<group>";
		};
/* End PBXGroup section */

/* Begin PBXNativeTarget section */
		A00000000000000000000400 /* AirGuard */ = {
			isa = PBXNativeTarget;
			buildConfigurationList = A00000000000000000000700 /* Build configuration list for PBXNativeTarget "AirGuard" */;
			buildPhases = (
				A00000000000000000000500 /* Sources */,
				A00000000000000000000200 /* Frameworks */,
				A00000000000000000000501 /* Resources */,
				A00000000000000000000502 /* Embed Media Adapter */,
			);
			buildRules = (
			);
			dependencies = (
			);
			name = AirGuard;
			productName = AirGuard;
			productReference = A00000000000000000000100 /* AirSentry.app */;
			productType = "com.apple.product-type.application";
		};
/* End PBXNativeTarget section */

/* Begin PBXProject section */
		A00000000000000000000600 /* Project object */ = {
			isa = PBXProject;
			attributes = {
				BuildIndependentTargetsInParallel = 1;
				LastSwiftUpdateCheck = 1600;
				LastUpgradeCheck = 2650;
				TargetAttributes = {
					A00000000000000000000400 = {
						CreatedOnToolsVersion = 16.0;
					};
				};
			};
			buildConfigurationList = A00000000000000000000601 /* Build configuration list for PBXProject "AirGuard" */;
			compatibilityVersion = "Xcode 14.0";
			developmentRegion = en;
			hasScannedForEncodings = 0;
			knownRegions = (
				en,
				Base,
				"zh-Hans",
			);
			mainGroup = A00000000000000000000300;
			productRefGroup = A00000000000000000000302 /* Products */;
			projectDirPath = "";
			projectRoot = "";
			targets = (
				A00000000000000000000400 /* AirGuard */,
			);
		};
/* End PBXProject section */

/* Begin PBXResourcesBuildPhase section */
		A00000000000000000000501 /* Resources */ = {
			isa = PBXResourcesBuildPhase;
			buildActionMask = 2147483647;
			files = (
				A00000000000000000000015 /* logo.png in Resources */,
				A00000000000000000000016 /* Assets.xcassets in Resources */,
			);
			runOnlyForDeploymentPostprocessing = 0;
		};
/* End PBXResourcesBuildPhase section */

/* Begin PBXSourcesBuildPhase section */
		A00000000000000000000500 /* Sources */ = {
			isa = PBXSourcesBuildPhase;
			buildActionMask = 2147483647;
			files = (
				A00000000000000000000001 /* AirGuardApp.swift in Sources */,
				A00000000000000000000002 /* MenuBarPanelView.swift in Sources */,
				A00000000000000000000003 /* MetricCardView.swift in Sources */,
				A00000000000000000000004 /* SettingsView.swift in Sources */,
				A00000000000000000000005 /* AboutView.swift in Sources */,
				A00000000000000000000006 /* MonitorStore.swift in Sources */,
				A00000000000000000000007 /* AlertManager.swift in Sources */,
				A00000000000000000000008 /* AppSettings.swift in Sources */,
				A00000000000000000000009 /* LaunchAtLoginManager.swift in Sources */,
				A0000000000000000000000A /* ThermalReader.swift in Sources */,
				A0000000000000000000000B /* CPUReader.swift in Sources */,
				A0000000000000000000000C /* MemoryReader.swift in Sources */,
				A0000000000000000000000D /* NetworkReader.swift in Sources */,
				A0000000000000000000000E /* SystemSnapshot.swift in Sources */,
				A0000000000000000000000F /* ThermalLevel.swift in Sources */,
				A00000000000000000000010 /* MemoryInfo.swift in Sources */,
				A00000000000000000000011 /* NetworkSpeed.swift in Sources */,
				A00000000000000000000012 /* ByteFormatter.swift in Sources */,
				A00000000000000000000013 /* DateFormatterUtil.swift in Sources */,
				A00000000000000000000014 /* HIDTemperatureReader.m in Sources */,
				A00000000000000000000017 /* AgentEvent.swift in Sources */,
				A00000000000000000000018 /* AgentEventServer.swift in Sources */,
				A00000000000000000000019 /* AgentHookManager.swift in Sources */,
				A0000000000000000000001A /* AgentMonitorStore.swift in Sources */,
				A0000000000000000000001B /* NotchWindowController.swift in Sources */,
				A0000000000000000000001C /* NotchStatusView.swift in Sources */,
				A0000000000000000000001D /* ASMediaRemoteBridge.m in Sources */,
				A0000000000000000000001E /* NowPlayingTrack.swift in Sources */,
				A0000000000000000000001F /* NowPlayingStore.swift in Sources */,
				A00000000000000000000020 /* MediaRemoteAdapterClient.swift in Sources */,
				A00000000000000000000022 /* StorageInfo.swift in Sources */,
				A00000000000000000000023 /* StorageReader.swift in Sources */,
				A00000000000000000000024 /* StorageAnalyzerStore.swift in Sources */,
				A00000000000000000000025 /* ToolboxView.swift in Sources */,
				A00000000000000000000026 /* InputMethodShortcut.swift in Sources */,
				A00000000000000000000027 /* InputMethodSwitcher.swift in Sources */,
				A00000000000000000000028 /* InputMethodShortcutManager.swift in Sources */,
			);
			runOnlyForDeploymentPostprocessing = 0;
		};
/* End PBXSourcesBuildPhase section */

/* Begin XCBuildConfiguration section */
		A00000000000000000000602 /* Debug */ = {
			isa = XCBuildConfiguration;
			buildSettings = {
				ALWAYS_SEARCH_USER_PATHS = NO;
				CLANG_ANALYZER_LOCALIZABILITY_NONLOCALIZED = YES;
				CLANG_ANALYZER_NONNULL = YES;
				CLANG_ANALYZER_NUMBER_OBJECT_CONVERSION = YES_AGGRESSIVE;
				CLANG_CXX_LANGUAGE_STANDARD = "gnu++20";
				CLANG_ENABLE_MODULES = YES;
				CLANG_ENABLE_OBJC_ARC = YES;
				CLANG_ENABLE_OBJC_WEAK = YES;
				CLANG_WARN_BLOCK_CAPTURE_AUTORELEASING = YES;
				CLANG_WARN_BOOL_CONVERSION = YES;
				CLANG_WARN_COMMA = YES;
				CLANG_WARN_CONSTANT_CONVERSION = YES;
				CLANG_WARN_DEPRECATED_OBJC_IMPLEMENTATIONS = YES;
				CLANG_WARN_DIRECT_OBJC_ISA_USAGE = YES_ERROR;
				CLANG_WARN_DOCUMENTATION_COMMENTS = YES;
				CLANG_WARN_EMPTY_BODY = YES;
				CLANG_WARN_ENUM_CONVERSION = YES;
				CLANG_WARN_INFINITE_RECURSION = YES;
				CLANG_WARN_INT_CONVERSION = YES;
				CLANG_WARN_NON_LITERAL_NULL_CONVERSION = YES;
				CLANG_WARN_OBJC_IMPLICIT_RETAIN_SELF = YES;
				CLANG_WARN_OBJC_LITERAL_CONVERSION = YES;
				CLANG_WARN_OBJC_ROOT_CLASS = YES_ERROR;
				CLANG_WARN_QUOTED_INCLUDE_IN_FRAMEWORK_HEADER = YES;
				CLANG_WARN_RANGE_LOOP_ANALYSIS = YES;
				CLANG_WARN_STRICT_PROTOTYPES = YES;
				CLANG_WARN_SUSPICIOUS_MOVE = YES;
				CLANG_WARN_UNGUARDED_AVAILABILITY = YES_AGGRESSIVE;
				CLANG_WARN_UNREACHABLE_CODE = YES;
				CLANG_WARN__DUPLICATE_METHOD_MATCH = YES;
				COPY_PHASE_STRIP = NO;
				DEAD_CODE_STRIPPING = YES;
				DEBUG_INFORMATION_FORMAT = dwarf;
				ENABLE_STRICT_OBJC_MSGSEND = YES;
				ENABLE_TESTABILITY = YES;
				ENABLE_USER_SCRIPT_SANDBOXING = YES;
				GCC_C_LANGUAGE_STANDARD = gnu17;
				GCC_DYNAMIC_NO_PIC = NO;
				GCC_NO_COMMON_BLOCKS = YES;
				GCC_OPTIMIZATION_LEVEL = 0;
				GCC_PREPROCESSOR_DEFINITIONS = (
					"DEBUG=1",
					"$(inherited)",
				);
				GCC_WARN_64_TO_32_BIT_CONVERSION = YES;
				GCC_WARN_ABOUT_RETURN_TYPE = YES_ERROR;
				GCC_WARN_UNDECLARED_SELECTOR = YES;
				GCC_WARN_UNINITIALIZED_AUTOS = YES_AGGRESSIVE;
				GCC_WARN_UNUSED_FUNCTION = YES;
				GCC_WARN_UNUSED_VARIABLE = YES;
				MACOSX_DEPLOYMENT_TARGET = 13.0;
				MTL_ENABLE_DEBUG_INFO = INCLUDE_SOURCE;
				MTL_FAST_MATH = YES;
				ONLY_ACTIVE_ARCH = YES;
				SDKROOT = macosx;
				STRING_CATALOG_GENERATE_SYMBOLS = YES;
				SWIFT_ACTIVE_COMPILATION_CONDITIONS = DEBUG;
				SWIFT_OPTIMIZATION_LEVEL = "-Onone";
			};
			name = Debug;
		};
		A00000000000000000000603 /* Release */ = {
			isa = XCBuildConfiguration;
			buildSettings = {
				ALWAYS_SEARCH_USER_PATHS = NO;
				CLANG_ANALYZER_LOCALIZABILITY_NONLOCALIZED = YES;
				CLANG_ANALYZER_NONNULL = YES;
				CLANG_ANALYZER_NUMBER_OBJECT_CONVERSION = YES_AGGRESSIVE;
				CLANG_CXX_LANGUAGE_STANDARD = "gnu++20";
				CLANG_ENABLE_MODULES = YES;
				CLANG_ENABLE_OBJC_ARC = YES;
				CLANG_ENABLE_OBJC_WEAK = YES;
				CLANG_WARN_BLOCK_CAPTURE_AUTORELEASING = YES;
				CLANG_WARN_BOOL_CONVERSION = YES;
				CLANG_WARN_COMMA = YES;
				CLANG_WARN_CONSTANT_CONVERSION = YES;
				CLANG_WARN_DEPRECATED_OBJC_IMPLEMENTATIONS = YES;
				CLANG_WARN_DIRECT_OBJC_ISA_USAGE = YES_ERROR;
				CLANG_WARN_DOCUMENTATION_COMMENTS = YES;
				CLANG_WARN_EMPTY_BODY = YES;
				CLANG_WARN_ENUM_CONVERSION = YES;
				CLANG_WARN_INFINITE_RECURSION = YES;
				CLANG_WARN_INT_CONVERSION = YES;
				CLANG_WARN_NON_LITERAL_NULL_CONVERSION = YES;
				CLANG_WARN_OBJC_IMPLICIT_RETAIN_SELF = YES;
				CLANG_WARN_OBJC_LITERAL_CONVERSION = YES;
				CLANG_WARN_OBJC_ROOT_CLASS = YES_ERROR;
				CLANG_WARN_QUOTED_INCLUDE_IN_FRAMEWORK_HEADER = YES;
				CLANG_WARN_RANGE_LOOP_ANALYSIS = YES;
				CLANG_WARN_STRICT_PROTOTYPES = YES;
				CLANG_WARN_SUSPICIOUS_MOVE = YES;
				CLANG_WARN_UNGUARDED_AVAILABILITY = YES_AGGRESSIVE;
				CLANG_WARN_UNREACHABLE_CODE = YES;
				CLANG_WARN__DUPLICATE_METHOD_MATCH = YES;
				COPY_PHASE_STRIP = NO;
				DEAD_CODE_STRIPPING = YES;
				DEBUG_INFORMATION_FORMAT = "dwarf-with-dsym";
				ENABLE_NS_ASSERTIONS = NO;
				ENABLE_STRICT_OBJC_MSGSEND = YES;
				ENABLE_USER_SCRIPT_SANDBOXING = YES;
				GCC_C_LANGUAGE_STANDARD = gnu17;
				GCC_NO_COMMON_BLOCKS = YES;
				GCC_WARN_64_TO_32_BIT_CONVERSION = YES;
				GCC_WARN_ABOUT_RETURN_TYPE = YES_ERROR;
				GCC_WARN_UNDECLARED_SELECTOR = YES;
				GCC_WARN_UNINITIALIZED_AUTOS = YES_AGGRESSIVE;
				GCC_WARN_UNUSED_FUNCTION = YES;
				GCC_WARN_UNUSED_VARIABLE = YES;
				MACOSX_DEPLOYMENT_TARGET = 13.0;
				MTL_ENABLE_DEBUG_INFO = NO;
				MTL_FAST_MATH = YES;
				SDKROOT = macosx;
				STRING_CATALOG_GENERATE_SYMBOLS = YES;
				SWIFT_COMPILATION_MODE = wholemodule;
			};
			name = Release;
		};
		A00000000000000000000701 /* Debug */ = {
			isa = XCBuildConfiguration;
			buildSettings = {
				ASSETCATALOG_COMPILER_APPICON_NAME = AppIcon;
				CODE_SIGN_STYLE = Automatic;
				COMBINE_HIDPI_IMAGES = YES;
				DEAD_CODE_STRIPPING = YES;
				DEVELOPMENT_TEAM = "";
				ENABLE_HARDENED_RUNTIME = YES;
				GENERATE_INFOPLIST_FILE = NO;
				INFOPLIST_FILE = AirGuard/Info.plist;
				LD_RUNPATH_SEARCH_PATHS = (
					"$(inherited)",
					"@executable_path/../Frameworks",
				);
				MARKETING_VERSION = 1.0;
				PRODUCT_BUNDLE_IDENTIFIER = com.example.AirSentry;
				PRODUCT_NAME = AirSentry;
				SWIFT_EMIT_LOC_STRINGS = YES;
				SWIFT_OBJC_BRIDGING_HEADER = "AirGuard/AirGuard-Bridging-Header.h";
				SWIFT_VERSION = 5.0;
			};
			name = Debug;
		};
		A00000000000000000000702 /* Release */ = {
			isa = XCBuildConfiguration;
			buildSettings = {
				ASSETCATALOG_COMPILER_APPICON_NAME = AppIcon;
				CODE_SIGN_STYLE = Automatic;
				COMBINE_HIDPI_IMAGES = YES;
				DEAD_CODE_STRIPPING = YES;
				DEVELOPMENT_TEAM = "";
				ENABLE_HARDENED_RUNTIME = YES;
				GENERATE_INFOPLIST_FILE = NO;
				INFOPLIST_FILE = AirGuard/Info.plist;
				LD_RUNPATH_SEARCH_PATHS = (
					"$(inherited)",
					"@executable_path/../Frameworks",
				);
				MARKETING_VERSION = 1.0;
				PRODUCT_BUNDLE_IDENTIFIER = com.example.AirSentry;
				PRODUCT_NAME = AirSentry;
				SWIFT_EMIT_LOC_STRINGS = YES;
				SWIFT_OBJC_BRIDGING_HEADER = "AirGuard/AirGuard-Bridging-Header.h";
				SWIFT_VERSION = 5.0;
			};
			name = Release;
		};
/* End XCBuildConfiguration section */

/* Begin XCConfigurationList section */
		A00000000000000000000601 /* Build configuration list for PBXProject "AirGuard" */ = {
			isa = XCConfigurationList;
			buildConfigurations = (
				A00000000000000000000602 /* Debug */,
				A00000000000000000000603 /* Release */,
			);
			defaultConfigurationIsVisible = 0;
			defaultConfigurationName = Release;
		};
		A00000000000000000000700 /* Build configuration list for PBXNativeTarget "AirGuard" */ = {
			isa = XCConfigurationList;
			buildConfigurations = (
				A00000000000000000000701 /* Debug */,
				A00000000000000000000702 /* Release */,
			);
			defaultConfigurationIsVisible = 0;
			defaultConfigurationName = Release;
		};
/* End XCConfigurationList section */
	};
	rootObject = A00000000000000000000600 /* Project object */;
}
